
Microsoft Visual Studio Solution File, Format Version 12.00
# Visual Studio Version 17
VisualStudioVersion = 17.9.34714.143
MinimumVisualStudioVersion = 10.0.40219.1
Project("{FAE04EC0-301F-11D3-BF4B-00C04F79EFBC}") = "AsyncAwait", "AsyncAwait\AsyncAwait.csproj", "{75F7F78A-94E8-41B6-A63B-8AAAC4FF3181}"
EndProject
Project("{FAE04EC0-301F-11D3-BF4B-00C04F79EFBC}") = "CopyFile", "CopyFile\CopyFile.csproj", "{AB7473E9-4995-4CDC-AEF6-CC3365B7926C}"
EndProject
Project("{FAE04EC0-301F-11D3-BF4B-00C04F79EFBC}") = "FileCopy", "FileCopy\FileCopy.csproj", "{D593572F-8527-4363-A207-D21F64BF6D80}"
EndProject
Project("{FAE04EC0-301F-11D3-BF4B-00C04F79EFBC}") = "ParallelClassHW", "ParallelClassHW\ParallelClassHW.csproj", "{AEF6D69D-D2DC-4E4C-8D6A-A8EA25E85CA7}"
EndProject
Project("{FAE04EC0-301F-11D3-BF4B-00C04F79EFBC}") = "WordSearch(Final)", "WordSearch(Final)\WordSearch(Final).csproj", "{396C8DD3-F710-4E37-A9F6-0DEE2098EB4E}"
EndProject
Global
	GlobalSection(SolutionConfigurationPlatforms) = preSolution
		Debug|Any CPU = Debug|Any CPU
		Release|Any CPU = Release|Any CPU
	EndGlobalSection
	GlobalSection(ProjectConfigurationPlatforms) = postSolution
		{75F7F78A-94E8-41B6-A63B-8AAAC4FF3181}.Debug|Any CPU.ActiveCfg = Debug|Any CPU
		{75F7F78A-94E8-41B6-A63B-8AAAC4FF3181}.Debug|Any CPU.Build.0 = Debug|Any CPU
		{75F7F78A-94E8-41B6-A63B-8AAAC4FF3181}.Release|Any CPU.ActiveCfg = Release|Any CPU
		{75F7F78A-94E8-41B6-A63B-8AAAC4FF3181}.Release|Any CPU.Build.0 = Release|Any CPU
		{AB7473E9-4995-4CDC-AEF6-CC3365B7926C}.Debug|Any CPU.ActiveCfg = Debug|Any CPU
		{AB7473E9-4995-4CDC-AEF6-CC3365B7926C}.Debug|Any CPU.Build.0 = Debug|Any CPU
		{AB7473E9-4995-4CDC-AEF6-CC3365B7926C}.Release|Any CPU.ActiveCfg = Release|Any CPU
		{AB7473E9-4995-4CDC-AEF6-CC3365B7926C}.Release|Any CPU.Build.0 = Release|Any CPU
		{D593572F-8527-4363-A207-D21F64BF6D80}.Debug|Any CPU.ActiveCfg = Debug|Any CPU
		{D593572F-8527-4363-A207-D21F64BF6D80}.Debug|Any CPU.Build.0 = Debug|Any CPU
		{D593572F-8527-4363-A207-D21F64BF6D80}.Release|Any CPU.ActiveCfg = Release|Any CPU
		{D593572F-8527-4363-A207-D21F64BF6D80}.Release|Any CPU.Build.0 = Release|Any CPU
		{AEF6D69D-D2DC-4E4C-8D6A-A8EA25E85CA7}.Debug|Any CPU.ActiveCfg = Debug|Any CPU
		{AEF6D69D-D2DC-4E4C-8D6A-A8EA25E85CA7}.Debug|Any CPU.Build.0 = Debug|Any CPU
		{AEF6D69D-D2DC-4E4C-8D6A-A8EA25E85CA7}.Release|Any CPU.ActiveCfg = Release|Any CPU
		{AEF6D69D-D2DC-4E4C-8D6A-A8EA25E85CA7}.Release|Any CPU.Build.0 = Release|Any CPU
		{396C8DD3-F710-4E37-A9F6-0DEE2098EB4E}.Debug|Any CPU.ActiveCfg = Debug|Any CPU
		{396C8DD3-F710-4E37-A9F6-0DEE2098EB4E}.Debug|Any CPU.Build.0 = Debug|Any CPU
		{396C8DD3-F710-4E37-A9F6-0DEE2098EB4E}.Release|Any CPU.ActiveCfg = Release|Any CPU
		{396C8DD3-F710-4E37-A9F6-0DEE2098EB4E}.Release|Any CPU.Build.0 = Release|Any CPU
	EndGlobalSection
	GlobalSection(SolutionProperties) = preSolution
		HideSolutionNode = FALSE
	EndGlobalSection
	GlobalSection(ExtensibilityGlobals) = postSolution
		SolutionGuid = {7067C29C-8DB0-449B-8567-5F65CF4DF2B2}
	EndGlobalSection
EndGlobal
